github.com/elastic/go-lumber v0.1.1 h1:aae5rSBnwBvdB0aShJ7AbOYPyvP1/wS/JIOC1A4D1DM=
github.com/elastic/go-lumber v0.1.1/go.mod h1:DMVoFv7YM71enE9X5vWJWWv7wvQNtzXh7bPeKukDccY=
github.com/klauspost/compress v1.11.2 h1:MiK62aErc3gIiVEtyzKfeOHgW7atJb5g/KNX5m3c2nQ=
github.com/klauspost/compress v1.11.2/go.mod h1:aoV0uJVorq1K+umq18yTdKaF57EivdYsUV+/s2qKfXs=
